
Microsoft Visual Studio Solution File, Format Version 12.00
# Visual Studio Version 17
VisualStudioVersion = 17.5.002.0
MinimumVisualStudioVersion = 10.0.40219.1
Project("{9A19103F-16F7-4668-BE54-9A1E7A4F7556}") = "backend", "backend.csproj", "{B728A61F-9EE0-496F-B567-C860D218EA5E}"
EndProject
Global
	GlobalSection(SolutionConfigurationPlatforms) = preSolution
		Debug|Any CPU = Debug|Any CPU
		Release|Any CPU = Release|Any CPU
	EndGlobalSection
	GlobalSection(ProjectConfigurationPlatforms) = postSolution
		{B728A61F-9EE0-496F-B567-C860D218EA5E}.Debug|Any CPU.ActiveCfg = Debug|Any CPU
		{B728A61F-9EE0-496F-B567-C860D218EA5E}.Debug|Any CPU.Build.0 = Debug|Any CPU
		{B728A61F-9EE0-496F-B567-C860D218EA5E}.Release|Any CPU.ActiveCfg = Release|Any CPU
		{B728A61F-9EE0-496F-B567-C860D218EA5E}.Release|Any CPU.Build.0 = Release|Any CPU
	EndGlobalSection
	GlobalSection(SolutionProperties) = preSolution
		HideSolutionNode = FALSE
	EndGlobalSection
	GlobalSection(ExtensibilityGlobals) = postSolution
		SolutionGuid = {6542F40C-1FC9-4375-BF2D-CBC35BFC5F3F}
	EndGlobalSection
EndGlobal
